
Microsoft Visual Studio Solution File, Format Version 12.00
# Visual Studio Version 17
VisualStudioVersion = 17.13.35825.156 d17.13
MinimumVisualStudioVersion = 10.0.40219.1
Project("{FAE04EC0-301F-11D3-BF4B-00C04F79EFBC}") = "Project_Akhir_PBE", "Project_Akhir_PBE.csproj", "{2D0BEF44-E216-4490-AEEA-14E96BFA5206}"
EndProject
Global
	GlobalSection(SolutionConfigurationPlatforms) = preSolution
		Debug|Any CPU = Debug|Any CPU
		Release|Any CPU = Release|Any CPU
	EndGlobalSection
	GlobalSection(ProjectConfigurationPlatforms) = postSolution
		{2D0BEF44-E216-4490-AEEA-14E96BFA5206}.Debug|Any CPU.ActiveCfg = Debug|Any CPU
		{2D0BEF44-E216-4490-AEEA-14E96BFA5206}.Debug|Any CPU.Build.0 = Debug|Any CPU
		{2D0BEF44-E216-4490-AEEA-14E96BFA5206}.Release|Any CPU.ActiveCfg = Release|Any CPU
		{2D0BEF44-E216-4490-AEEA-14E96BFA5206}.Release|Any CPU.Build.0 = Release|Any CPU
	EndGlobalSection
	GlobalSection(SolutionProperties) = preSolution
		HideSolutionNode = FALSE
	EndGlobalSection
	GlobalSection(ExtensibilityGlobals) = postSolution
		SolutionGuid = {902BFBC8-1A4F-4FC8-AEFC-7174F36BD2F2}
	EndGlobalSection
EndGlobal
